// !$*UTF8*$!
{
	archiveVersion = 1;
	classes = {
	};
	objectVersion = 56;
	objects = {

/* Begin PBXBuildFile section */
		31D7BDBE29C24AD7006F9757 /* Card_CreatorApp.swift in Sources */ = {isa = PBXBuildFile; fileRef = 31D7BDBD29C24AD7006F9757 /* Card_CreatorApp.swift */; };
		31D7BDC029C24AD7006F9757 /* ContentView.swift in Sources */ = {isa = PBXBuildFile; fileRef = 31D7BDBF29C24AD7006F9757 /* ContentView.swift */; };
		31D7BDC229C24ADD006F9757 /* Assets.xcassets in Resources */ = {isa = PBXBuildFile; fileRef = 31D7BDC129C24ADD006F9757 /* Assets.xcassets */; };
		31D7BDC529C24ADD006F9757 /* Preview Assets.xcassets in Resources */ = {isa = PBXBuildFile; fileRef = 31D7BDC429C24ADD006F9757 /* Preview Assets.xcassets */; };
		31D7BDCF29C24ADD006F9757 /* Card_CreatorTests.swift in Sources */ = {isa = PBXBuildFile; fileRef = 31D7BDCE29C24ADD006F9757 /* Card_CreatorTests.swift */; };
		31D7BDD929C24ADD006F9757 /* Card_CreatorUITests.swift in Sources */ = {isa = PBXBuildFile; fileRef = 31D7BDD829C24ADD006F9757 /* Card_CreatorUITests.swift */; };
		31D7BDDB29C24ADD006F9757 /* Card_CreatorUITestsLaunchTests.swift in Sources */ = {isa = PBXBuildFile; fileRef = 31D7BDDA29C24ADD006F9757 /* Card_CreatorUITestsLaunchTests.swift */; };
/* End PBXBuildFile section */

/* Begin PBXContainerItemProxy section */
		31D7BDCB29C24ADD006F9757 /* PBXContainerItemProxy */ = {
			isa = PBXContainerItemProxy;
			containerPortal = 31D7BDB229C24AD7006F9757 /* Project object */;
			proxyType = 1;
			remoteGlobalIDString = 31D7BDB929C24AD7006F9757;
			remoteInfo = "Card Creator";
		};
		31D7BDD529C24ADD006F9757 /* PBXContainerItemProxy */ = {
			isa = PBXContainerItemProxy;
			containerPortal = 31D7BDB229C24AD7006F9757 /* Project object */;
			proxyType = 1;
			remoteGlobalIDString = 31D7BDB929C24AD7006F9757;
			remoteInfo = "Card Creator";
		};
/* End PBXContainerItemProxy section */

/* Begin PBXFileReference section */
		31D7BDBA29C24AD7006F9757 /* Card Creator.app */ = {isa = PBXFileReference; explicitFileType = wrapper.application; includeInIndex = 0; path = "Card Creator.app"; sourceTree = BUILT_PRODUCTS_DIR; };
		31D7BDBD29C24AD7006F9757 /* Card_CreatorApp.swift */ = {isa = PBXFileReference; lastKnownFileType = sourcecode.swift; path = Card_CreatorApp.swift; sourceTree = "<group>"; };
		31D7BDBF29C24AD7006F9757 /* ContentView.swift */ = {isa = PBXFileReference; lastKnownFileType = sourcecode.swift; path = ContentView.swift; sourceTree = "<group>"; };
		31D7BDC129C24ADD006F9757 /* Assets.xcassets */ = {isa = PBXFileReference; lastKnownFileType = folder.assetcatalog; path = Assets.xcassets; sourceTree = "<group>"; };
		31D7BDC429C24ADD006F9757 /* Preview Assets.xcassets */ = {isa = PBXFileReference; lastKnownFileType = folder.assetcatalog; path = "Preview Assets.xcassets"; sourceTree = "<group>"; };
		31D7BDCA29C24ADD006F9757 /* Card CreatorTests.xctest */ = {isa = PBXFileReference; explicitFileType = wrapper.cfbundle; includeInIndex = 0; path = "Card CreatorTests.xctest"; sourceTree = BUILT_PRODUCTS_DIR; };
		31D7BDCE29C24ADD006F9757 /* Card_CreatorTests.swift */ = {isa = PBXFileReference; lastKnownFileType = sourcecode.swift; path = Card_CreatorTests.swift; sourceTree = "<group>"; };
		31D7BDD429C24ADD006F9757 /* Card CreatorUITests.xctest */ = {isa = PBXFileReference; explicitFileType = wrapper.cfbundle; includeInIndex = 0; path = "Card CreatorUITests.xctest"; sourceTree = BUILT_PRODUCTS_DIR; };
		31D7BDD829C24ADD006F9757 /* Card_CreatorUITests.swift */ = {isa = PBXFileReference; lastKnownFileType = sourcecode.swift; path = Card_CreatorUITests.swift; sourceTree = "<group>"; };
		31D7BDDA29C24ADD006F9757 /* Card_CreatorUITestsLaunchTests.swift */ = {isa = PBXFileReference; lastKnownFileType = sourcecode.swift; path = Card_CreatorUITestsLaunchTests.swift; sourceTree = "<group>"; };
/* End PBXFileReference section */

/* Begin PBXFrameworksBuildPhase section */
		31D7BDB729C24AD7006F9757 /* Frameworks */ = {
			isa = PBXFrameworksBuildPhase;
			buildActionMask = 2147483647;
			files = (
			);
			runOnlyForDeploymentPostprocessing = 0;
		};
		31D7BDC729C24ADD006F9757 /* Frameworks */ = {
			isa = PBXFrameworksBuildPhase;
			buildActionMask = 2147483647;
			files = (
			);
			runOnlyForDeploymentPostprocessing = 0;
		};
		31D7BDD129C24ADD006F9757 /* Frameworks */ = {
			isa = PBXFrameworksBuildPhase;
			buildActionMask = 2147483647;
			files = (
			);
			runOnlyForDeploymentPostprocessing = 0;
		};
/* End PBXFrameworksBuildPhase section */

/* Begin PBXGroup section */
		31D7BDB129C24AD7006F9757 = {
			isa = PBXGroup;
			children = (
				31D7BDBC29C24AD7006F9757 /* Card Creator */,
				31D7BDCD29C24ADD006F9757 /* Card CreatorTests */,
				31D7BDD729C24ADD006F9757 /* Card CreatorUITests */,
				31D7BDBB29C24AD7006F9757 /* Products */,
			);
			sourceTree = "<group>";
		};
		31D7BDBB29C24AD7006F9757 /* Products */ = {
			isa = PBXGroup;
			children = (
				31D7BDBA29C24AD7006F9757 /* Card Creator.app */,
				31D7BDCA29C24ADD006F9757 /* Card CreatorTests.xctest */,
				31D7BDD429C24ADD006F9757 /* Card CreatorUITests.xctest */,
			);
			name = Products;
			sourceTree = "<group>";
		};
		31D7BDBC29C24AD7006F9757 /* Card Creator */ = {
			isa = PBXGroup;
			children = (
				31D7BDBD29C24AD7006F9757 /* Card_CreatorApp.swift */,
				31D7BDBF29C24AD7006F9757 /* ContentView.swift */,
				31D7BDC129C24ADD006F9757 /* Assets.xcassets */,
				31D7BDC329C24ADD006F9757 /* Preview Content */,
			);
			path = "Card Creator";
			sourceTree = "<group>";
		};
		31D7BDC329C24ADD006F9757 /* Preview Content */ = {
			isa = PBXGroup;
			children = (
				31D7BDC429C24ADD006F9757 /* Preview Assets.xcassets */,
			);
			path = "Preview Content";
			sourceTree = "<group>";
		};
		31D7BDCD29C24ADD006F9757 /* Card CreatorTests */ = {
			isa = PBXGroup;
			children = (
				31D7BDCE29C24ADD006F9757 /* Card_CreatorTests.swift */,
			);
			path = "Card CreatorTests";
			sourceTree = "<group>";
		};
		31D7BDD729C24ADD006F9757 /* Card CreatorUITests */ = {
			isa = PBXGroup;
			children = (
				31D7BDD829C24ADD006F9757 /* Card_CreatorUITests.swift */,
				31D7BDDA29C24ADD006F9757 /* Card_CreatorUITestsLaunchTests.swift */,
			);
			path = "Card CreatorUITests";
			sourceTree = "<group>";
		};
/* End PBXGroup section */

/* Begin PBXNativeTarget section */
		31D7BDB929C24AD7006F9757 /* Card Creator */ = {
			isa = PBXNativeTarget;
			buildConfigurationList = 31D7BDDE29C24ADD006F9757 /* Build configuration list for PBXNativeTarget "Card Creator" */;
			buildPhases = (
				31D7BDB629C24AD7006F9757 /* Sources */,
				31D7BDB729C24AD7006F9757 /* Frameworks */,
				31D7BDB829C24AD7006F9757 /* Resources */,
			);
			buildRules = (
			);
			dependencies = (
			);
			name = "Card Creator";
			productName = "Card Creator";
			productReference = 31D7BDBA29C24AD7006F9757 /* Card Creator.app */;
			productType = "com.apple.product-type.application";
		};
		31D7BDC929C24ADD006F9757 /* Card CreatorTests */ = {
			isa = PBXNativeTarget;
			buildConfigurationList = 31D7BDE129C24ADD006F9757 /* Build configuration list for PBXNativeTarget "Card CreatorTests" */;
			buildPhases = (
				31D7BDC629C24ADD006F9757 /* Sources */,
				31D7BDC729C24ADD006F9757 /* Frameworks */,
				31D7BDC829C24ADD006F9757 /* Resources */,
			);
			buildRules = (
			);
			dependencies = (
				31D7BDCC29C24ADD006F9757 /* PBXTargetDependency */,
			);
			name = "Card CreatorTests";
			productName = "Card CreatorTests";
			productReference = 31D7BDCA29C24ADD006F9757 /* Card CreatorTests.xctest */;
			productType = "com.apple.product-type.bundle.unit-test";
		};
		31D7BDD329C24ADD006F9757 /* Card CreatorUITests */ = {
			isa = PBXNativeTarget;
			buildConfigurationList = 31D7BDE429C24ADD006F9757 /* Build configuration list for PBXNativeTarget "Card CreatorUITests" */;
			buildPhases = (
				31D7BDD029C24ADD006F9757 /* Sources */,
				31D7BDD129C24ADD006F9757 /* Frameworks */,
				31D7BDD229C24ADD006F9757 /* Resources */,
			);
			buildRules = (
			);
			dependencies = (
				31D7BDD629C24ADD006F9757 /* PBXTargetDependency */,
			);
			name = "Card CreatorUITests";
			productName = "Card CreatorUITests";
			productReference = 31D7BDD429C24ADD006F9757 /* Card CreatorUITests.xctest */;
			productType = "com.apple.product-type.bundle.ui-testing";
		};
/* End PBXNativeTarget section */

/* Begin PBXProject section */
		31D7BDB229C24AD7006F9757 /* Project object */ = {
			isa = PBXProject;
			attributes = {
				BuildIndependentTargetsInParallel = 1;
				LastSwiftUpdateCheck = 1420;
				LastUpgradeCheck = 1420;
				TargetAttributes = {
					31D7BDB929C24AD7006F9757 = {
						CreatedOnToolsVersion = 14.2;
					};
					31D7BDC929C24ADD006F9757 = {
						CreatedOnToolsVersion = 14.2;
						TestTargetID = 31D7BDB929C24AD7006F9757;
					};
					31D7BDD329C24ADD006F9757 = {
						CreatedOnToolsVersion = 14.2;
						TestTargetID = 31D7BDB929C24AD7006F9757;
					};
				};
			};
			buildConfigurationList = 31D7BDB529C24AD7006F9757 /* Build configuration list for PBXProject "Card Creator" */;
			compatibilityVersion = "Xcode 14.0";
			developmentRegion = en;
			hasScannedForEncodings = 0;
			knownRegions = (
				en,
				Base,
			);
			mainGroup = 31D7BDB129C24AD7006F9757;
			productRefGroup = 31D7BDBB29C24AD7006F9757 /* Products */;
			projectDirPath = "";
			projectRoot = "";
			targets = (
				31D7BDB929C24AD7006F9757 /* Card Creator */,
				31D7BDC929C24ADD006F9757 /* Card CreatorTests */,
				31D7BDD329C24ADD006F9757 /* Card CreatorUITests */,
			);
		};
/* End PBXProject section */

/* Begin PBXResourcesBuildPhase section */
		31D7BDB829C24AD7006F9757 /* Resources */ = {
			isa = PBXResourcesBuildPhase;
			buildActionMask = 2147483647;
			files = (
				31D7BDC529C24ADD006F9757 /* Preview Assets.xcassets in Resources */,
				31D7BDC229C24ADD006F9757 /* Assets.xcassets in Resources */,
			);
			runOnlyForDeploymentPostprocessing = 0;
		};
		31D7BDC829C24ADD006F9757 /* Resources */ = {
			isa = PBXResourcesBuildPhase;
			buildActionMask = 2147483647;
			files = (
			);
			runOnlyForDeploymentPostprocessing = 0;
		};
		31D7BDD229C24ADD006F9757 /* Resources */ = {
			isa = PBXResourcesBuildPhase;
			buildActionMask = 2147483647;
			files = (
			);
			runOnlyForDeploymentPostprocessing = 0;
		};
/* End PBXResourcesBuildPhase section */

/* Begin PBXSourcesBuildPhase section */
		31D7BDB629C24AD7006F9757 /* Sources */ = {
			isa = PBXSourcesBuildPhase;
			buildActionMask = 2147483647;
			files = (
				31D7BDC029C24AD7006F9757 /* ContentView.swift in Sources */,
				31D7BDBE29C24AD7006F9757 /* Card_CreatorApp.swift in Sources */,
			);
			runOnlyForDeploymentPostprocessing = 0;
		};
		31D7BDC629C24ADD006F9757 /* Sources */ = {
			isa = PBXSourcesBuildPhase;
			buildActionMask = 2147483647;
			files = (
				31D7BDCF29C24ADD006F9757 /* Card_CreatorTests.swift in Sources */,
			);
			runOnlyForDeploymentPostprocessing = 0;
		};
		31D7BDD029C24ADD006F9757 /* Sources */ = {
			isa = PBXSourcesBuildPhase;
			buildActionMask = 2147483647;
			files = (
				31D7BDD929C24ADD006F9757 /* Card_CreatorUITests.swift in Sources */,
				31D7BDDB29C24ADD006F9757 /* Card_CreatorUITestsLaunchTests.swift in Sources */,
			);
			runOnlyForDeploymentPostprocessing = 0;
		};
/* End PBXSourcesBuildPhase section */

/* Begin PBXTargetDependency section */
		31D7BDCC29C24ADD006F9757 /* PBXTargetDependency */ = {
			isa = PBXTargetDependency;
			target = 31D7BDB929C24AD7006F9757 /* Card Creator */;
			targetProxy = 31D7BDCB29C24ADD006F9757 /* PBXContainerItemProxy */;
		};
		31D7BDD629C24ADD006F9757 /* PBXTargetDependency */ = {
			isa = PBXTargetDependency;
			target = 31D7BDB929C24AD7006F9757 /* Card Creator */;
			targetProxy = 31D7BDD529C24ADD006F9757 /* PBXContainerItemProxy */;
		};
/* End PBXTargetDependency section */

/* Begin XCBuildConfiguration section */
		31D7BDDC29C24ADD006F9757 /* Debug */ = {
			isa = XCBuildConfiguration;
			buildSettings = {
				ALWAYS_SEARCH_USER_PATHS = NO;
				CLANG_ANALYZER_NONNULL = YES;
				CLANG_ANALYZER_NUMBER_OBJECT_CONVERSION = YES_AGGRESSIVE;
				CLANG_CXX_LANGUAGE_STANDARD = "gnu++20";
				CLANG_ENABLE_MODULES = YES;
				CLANG_ENABLE_OBJC_ARC = YES;
				CLANG_ENABLE_OBJC_WEAK = YES;
				CLANG_WARN_BLOCK_CAPTURE_AUTORELEASING = YES;
				CLANG_WARN_BOOL_CONVERSION = YES;
				CLANG_WARN_COMMA = YES;
				CLANG_WARN_CONSTANT_CONVERSION = YES;
				CLANG_WARN_DEPRECATED_OBJC_IMPLEMENTATIONS = YES;
				CLANG_WARN_DIRECT_OBJC_ISA_USAGE = YES_ERROR;
				CLANG_WARN_DOCUMENTATION_COMMENTS = YES;
				CLANG_WARN_EMPTY_BODY = YES;
				CLANG_WARN_ENUM_CONVERSION = YES;
				CLANG_WARN_INFINITE_RECURSION = YES;
				CLANG_WARN_INT_CONVERSION = YES;
				CLANG_WARN_NON_LITERAL_NULL_CONVERSION = YES;
				CLANG_WARN_OBJC_IMPLICIT_RETAIN_SELF = YES;
				CLANG_WARN_OBJC_LITERAL_CONVERSION = YES;
				CLANG_WARN_OBJC_ROOT_CLASS = YES_ERROR;
				CLANG_WARN_QUOTED_INCLUDE_IN_FRAMEWORK_HEADER = YES;
				CLANG_WARN_RANGE_LOOP_ANALYSIS = YES;
				CLANG_WARN_STRICT_PROTOTYPES = YES;
				CLANG_WARN_SUSPICIOUS_MOVE = YES;
				CLANG_WARN_UNGUARDED_AVAILABILITY = YES_AGGRESSIVE;
				CLANG_WARN_UNREACHABLE_CODE = YES;
				CLANG_WARN__DUPLICATE_METHOD_MATCH = YES;
				COPY_PHASE_STRIP = NO;
				DEBUG_INFORMATION_FORMAT = dwarf;
				ENABLE_STRICT_OBJC_MSGSEND = YES;
				ENABLE_TESTABILITY = YES;
				GCC_C_LANGUAGE_STANDARD = gnu11;
				GCC_DYNAMIC_NO_PIC = NO;
				GCC_NO_COMMON_BLOCKS = YES;
				GCC_OPTIMIZATION_LEVEL = 0;
				GCC_PREPROCESSOR_DEFINITIONS = (
					"DEBUG=1",
					"$(inherited)",
				);
				GCC_WARN_64_TO_32_BIT_CONVERSION = YES;
				GCC_WARN_ABOUT_RETURN_TYPE = YES_ERROR;
				GCC_WARN_UNDECLARED_SELECTOR = YES;
				GCC_WARN_UNINITIALIZED_AUTOS = YES_AGGRESSIVE;
				GCC_WARN_UNUSED_FUNCTION = YES;
				GCC_WARN_UNUSED_VARIABLE = YES;
				IPHONEOS_DEPLOYMENT_TARGET = 16.2;
				MTL_ENABLE_DEBUG_INFO = INCLUDE_SOURCE;
				MTL_FAST_MATH = YES;
				ONLY_ACTIVE_ARCH = YES;
				SDKROOT = iphoneos;
				SWIFT_ACTIVE_COMPILATION_CONDITIONS = DEBUG;
				SWIFT_OPTIMIZATION_LEVEL = "-Onone";
			};
			name = Debug;
		};
		31D7BDDD29C24ADD006F9757 /* Release */ = {
			isa = XCBuildConfiguration;
			buildSettings = {
				ALWAYS_SEARCH_USER_PATHS = NO;
				CLANG_ANALYZER_NONNULL = YES;
				CLANG_ANALYZER_NUMBER_OBJECT_CONVERSION = YES_AGGRESSIVE;
				CLANG_CXX_LANGUAGE_STANDARD = "gnu++20";
				CLANG_ENABLE_MODULES = YES;
				CLANG_ENABLE_OBJC_ARC = YES;
				CLANG_ENABLE_OBJC_WEAK = YES;
				CLANG_WARN_BLOCK_CAPTURE_AUTORELEASING = YES;
				CLANG_WARN_BOOL_CONVERSION = YES;
				CLANG_WARN_COMMA = YES;
				CLANG_WARN_CONSTANT_CONVERSION = YES;
				CLANG_WARN_DEPRECATED_OBJC_IMPLEMENTATIONS = YES;
				CLANG_WARN_DIRECT_OBJC_ISA_USAGE = YES_ERROR;
				CLANG_WARN_DOCUMENTATION_COMMENTS = YES;
				CLANG_WARN_EMPTY_BODY = YES;
				CLANG_WARN_ENUM_CONVERSION = YES;
				CLANG_WARN_INFINITE_RECURSION = YES;
				CLANG_WARN_INT_CONVERSION = YES;
				CLANG_WARN_NON_LITERAL_NULL_CONVERSION = YES;
				CLANG_WARN_OBJC_IMPLICIT_RETAIN_SELF = YES;
				CLANG_WARN_OBJC_LITERAL_CONVERSION = YES;
				CLANG_WARN_OBJC_ROOT_CLASS = YES_ERROR;
				CLANG_WARN_QUOTED_INCLUDE_IN_FRAMEWORK_HEADER = YES;
				CLANG_WARN_RANGE_LOOP_ANALYSIS = YES;
				CLANG_WARN_STRICT_PROTOTYPES = YES;
				CLANG_WARN_SUSPICIOUS_MOVE = YES;
				CLANG_WARN_UNGUARDED_AVAILABILITY = YES_AGGRESSIVE;
				CLANG_WARN_UNREACHABLE_CODE = YES;
				CLANG_WARN__DUPLICATE_METHOD_MATCH = YES;
				COPY_PHASE_STRIP = NO;
				DEBUG_INFORMATION_FORMAT = "dwarf-with-dsym";
				ENABLE_NS_ASSERTIONS = NO;
				ENABLE_STRICT_OBJC_MSGSEND = YES;
				GCC_C_LANGUAGE_STANDARD = gnu11;
				GCC_NO_COMMON_BLOCKS = YES;
				GCC_WARN_64_TO_32_BIT_CONVERSION = YES;
				GCC_WARN_ABOUT_RETURN_TYPE = YES_ERROR;
				GCC_WARN_UNDECLARED_SELECTOR = YES;
				GCC_WARN_UNINITIALIZED_AUTOS = YES_AGGRESSIVE;
				GCC_WARN_UNUSED_FUNCTION = YES;
				GCC_WARN_UNUSED_VARIABLE = YES;
				IPHONEOS_DEPLOYMENT_TARGET = 16.2;
				MTL_ENABLE_DEBUG_INFO = NO;
				MTL_FAST_MATH = YES;
				SDKROOT = iphoneos;
				SWIFT_COMPILATION_MODE = wholemodule;
				SWIFT_OPTIMIZATION_LEVEL = "-O";
				VALIDATE_PRODUCT = YES;
			};
			name = Release;
		};
		31D7BDDF29C24ADD006F9757 /* Debug */ = {
			isa = XCBuildConfiguration;
			buildSettings = {
				ASSETCATALOG_COMPILER_APPICON_NAME = AppIcon;
				ASSETCATALOG_COMPILER_GLOBAL_ACCENT_COLOR_NAME = AccentColor;
				CODE_SIGN_STYLE = Automatic;
				CURRENT_PROJECT_VERSION = 1;
				DEVELOPMENT_ASSET_PATHS = "\"Card Creator/Preview Content\"";
				DEVELOPMENT_TEAM = G4D3ZV9JAN;
				ENABLE_PREVIEWS = YES;
				GENERATE_INFOPLIST_FILE = YES;
				INFOPLIST_KEY_UIApplicationSceneManifest_Generation = YES;
				INFOPLIST_KEY_UIApplicationSupportsIndirectInputEvents = YES;
				INFOPLIST_KEY_UILaunchScreen_Generation = YES;
				INFOPLIST_KEY_UISupportedInterfaceOrientations_iPad = "UIInterfaceOrientationPortrait UIInterfaceOrientationPortraitUpsideDown UIInterfaceOrientationLandscapeLeft UIInterfaceOrientationLandscapeRight";
				INFOPLIST_KEY_UISupportedInterfaceOrientations_iPhone = "UIInterfaceOrientationPortrait UIInterfaceOrientationLandscapeLeft UIInterfaceOrientationLandscapeRight";
				LD_RUNPATH_SEARCH_PATHS = (
					"$(inherited)",
					"@executable_path/Frameworks",
				);
				MARKETING_VERSION = 1.0;
				PRODUCT_BUNDLE_IDENTIFIER = "com.dino.Card-Creator";
				PRODUCT_NAME = "$(TARGET_NAME)";
				SWIFT_EMIT_LOC_STRINGS = YES;
				SWIFT_VERSION = 5.0;
				TARGETED_DEVICE_FAMILY = "1,2";
			};
			name = Debug;
		};
		31D7BDE029C24ADD006F9757 /* Release */ = {
			isa = XCBuildConfiguration;
			buildSettings = {
				ASSETCATALOG_COMPILER_APPICON_NAME = AppIcon;
				ASSETCATALOG_COMPILER_GLOBAL_ACCENT_COLOR_NAME = AccentColor;
				CODE_SIGN_STYLE = Automatic;
				CURRENT_PROJECT_VERSION = 1;
				DEVELOPMENT_ASSET_PATHS = "\"Card Creator/Preview Content\"";
				DEVELOPMENT_TEAM = G4D3ZV9JAN;
				ENABLE_PREVIEWS = YES;
				GENERATE_INFOPLIST_FILE = YES;
				INFOPLIST_KEY_UIApplicationSceneManifest_Generation = YES;
				INFOPLIST_KEY_UIApplicationSupportsIndirectInputEvents = YES;
				INFOPLIST_KEY_UILaunchScreen_Generation = YES;
				INFOPLIST_KEY_UISupportedInterfaceOrientations_iPad = "UIInterfaceOrientationPortrait UIInterfaceOrientationPortraitUpsideDown UIInterfaceOrientationLandscapeLeft UIInterfaceOrientationLandscapeRight";
				INFOPLIST_KEY_UISupportedInterfaceOrientations_iPhone = "UIInterfaceOrientationPortrait UIInterfaceOrientationLandscapeLeft UIInterfaceOrientationLandscapeRight";
				LD_RUNPATH_SEARCH_PATHS = (
					"$(inherited)",
					"@executable_path/Frameworks",
				);
				MARKETING_VERSION = 1.0;
				PRODUCT_BUNDLE_IDENTIFIER = "com.dino.Card-Creator";
				PRODUCT_NAME = "$(TARGET_NAME)";
				SWIFT_EMIT_LOC_STRINGS = YES;
				SWIFT_VERSION = 5.0;
				TARGETED_DEVICE_FAMILY = "1,2";
			};
			name = Release;
		};
		31D7BDE229C24ADD006F9757 /* Debug */ = {
			isa = XCBuildConfiguration;
			buildSettings = {
				ALWAYS_EMBED_SWIFT_STANDARD_LIBRARIES = YES;
				BUNDLE_LOADER = "$(TEST_HOST)";
				CODE_SIGN_STYLE = Automatic;
				CURRENT_PROJECT_VERSION = 1;
				DEVELOPMENT_TEAM = G4D3ZV9JAN;
				GENERATE_INFOPLIST_FILE = YES;
				IPHONEOS_DEPLOYMENT_TARGET = 16.2;
				MARKETING_VERSION = 1.0;
				PRODUCT_BUNDLE_IDENTIFIER = "com.dino.Card-CreatorTests";
				PRODUCT_NAME = "$(TARGET_NAME)";
				SWIFT_EMIT_LOC_STRINGS = NO;
				SWIFT_VERSION = 5.0;
				TARGETED_DEVICE_FAMILY = "1,2";
				TEST_HOST = "$(BUILT_PRODUCTS_DIR)/Card Creator.app/$(BUNDLE_EXECUTABLE_FOLDER_PATH)/Card Creator";
			};
			name = Debug;
		};
		31D7BDE329C24ADD006F9757 /* Release */ = {
			isa = XCBuildConfiguration;
			buildSettings = {
				ALWAYS_EMBED_SWIFT_STANDARD_LIBRARIES = YES;
				BUNDLE_LOADER = "$(TEST_HOST)";
				CODE_SIGN_STYLE = Automatic;
				CURRENT_PROJECT_VERSION = 1;
				DEVELOPMENT_TEAM = G4D3ZV9JAN;
				GENERATE_INFOPLIST_FILE = YES;
				IPHONEOS_DEPLOYMENT_TARGET = 16.2;
				MARKETING_VERSION = 1.0;
				PRODUCT_BUNDLE_IDENTIFIER = "com.dino.Card-CreatorTests";
				PRODUCT_NAME = "$(TARGET_NAME)";
				SWIFT_EMIT_LOC_STRINGS = NO;
				SWIFT_VERSION = 5.0;
				TARGETED_DEVICE_FAMILY = "1,2";
				TEST_HOST = "$(BUILT_PRODUCTS_DIR)/Card Creator.app/$(BUNDLE_EXECUTABLE_FOLDER_PATH)/Card Creator";
			};
			name = Release;
		};
		31D7BDE529C24ADD006F9757 /* Debug */ = {
			isa = XCBuildConfiguration;
			buildSettings = {
				ALWAYS_EMBED_SWIFT_STANDARD_LIBRARIES = YES;
				CODE_SIGN_STYLE = Automatic;
				CURRENT_PROJECT_VERSION = 1;
				DEVELOPMENT_TEAM = G4D3ZV9JAN;
				GENERATE_INFOPLIST_FILE = YES;
				MARKETING_VERSION = 1.0;
				PRODUCT_BUNDLE_IDENTIFIER = "com.dino.Card-CreatorUITests";
				PRODUCT_NAME = "$(TARGET_NAME)";
				SWIFT_EMIT_LOC_STRINGS = NO;
				SWIFT_VERSION = 5.0;
				TARGETED_DEVICE_FAMILY = "1,2";
				TEST_TARGET_NAME = "Card Creator";
			};
			name = Debug;
		};
		31D7BDE629C24ADD006F9757 /* Release */ = {
			isa = XCBuildConfiguration;
			buildSettings = {
				ALWAYS_EMBED_SWIFT_STANDARD_LIBRARIES = YES;
				CODE_SIGN_STYLE = Automatic;
				CURRENT_PROJECT_VERSION = 1;
				DEVELOPMENT_TEAM = G4D3ZV9JAN;
				GENERATE_INFOPLIST_FILE = YES;
				MARKETING_VERSION = 1.0;
				PRODUCT_BUNDLE_IDENTIFIER = "com.dino.Card-CreatorUITests";
				PRODUCT_NAME = "$(TARGET_NAME)";
				SWIFT_EMIT_LOC_STRINGS = NO;
				SWIFT_VERSION = 5.0;
				TARGETED_DEVICE_FAMILY = "1,2";
				TEST_TARGET_NAME = "Card Creator";
			};
			name = Release;
		};
/* End XCBuildConfiguration section */

/* Begin XCConfigurationList section */
		31D7BDB529C24AD7006F9757 /* Build configuration list for PBXProject "Card Creator" */ = {
			isa = XCConfigurationList;
			buildConfigurations = (
				31D7BDDC29C24ADD006F9757 /* Debug */,
				31D7BDDD29C24ADD006F9757 /* Release */,
			);
			defaultConfigurationIsVisible = 0;
			defaultConfigurationName = Release;
		};
		31D7BDDE29C24ADD006F9757 /* Build configuration list for PBXNativeTarget "Card Creator" */ = {
			isa = XCConfigurationList;
			buildConfigurations = (
				31D7BDDF29C24ADD006F9757 /* Debug */,
				31D7BDE029C24ADD006F9757 /* Release */,
			);
			defaultConfigurationIsVisible = 0;
			defaultConfigurationName = Release;
		};
		31D7BDE129C24ADD006F9757 /* Build configuration list for PBXNativeTarget "Card CreatorTests" */ = {
			isa = XCConfigurationList;
			buildConfigurations = (
				31D7BDE229C24ADD006F9757 /* Debug */,
				31D7BDE329C24ADD006F9757 /* Release */,
			);
			defaultConfigurationIsVisible = 0;
			defaultConfigurationName = Release;
		};
		31D7BDE429C24ADD006F9757 /* Build configuration list for PBXNativeTarget "Card CreatorUITests" */ = {
			isa = XCConfigurationList;
			buildConfigurations = (
				31D7BDE529C24ADD006F9757 /* Debug */,
				31D7BDE629C24ADD006F9757 /* Release */,
			);
			defaultConfigurationIsVisible = 0;
			defaultConfigurationName = Release;
		};
/* End XCConfigurationList section */
	};
	rootObject = 31D7BDB229C24AD7006F9757 /* Project object */;
}
